
Microsoft Visual Studio Solution File, Format Version 12.00
# Visual Studio 14
VisualStudioVersion = 14.0.25420.1
MinimumVisualStudioVersion = 10.0.40219.1
Project("{FAE04EC0-301F-11D3-BF4B-00C04F79EFBC}") = "Feeddit", "Feeddit\Feeddit.csproj", "{97EC3D8E-625C-4855-9712-A9A875CF73DA}"
EndProject
Project("{FAE04EC0-301F-11D3-BF4B-00C04F79EFBC}") = "Feeddit.Tests", "Feeddit.Tests\Feeddit.Tests.csproj", "{F54F94CF-3569-497E-8B67-B2ED1FA488C4}"
EndProject
Global
	GlobalSection(SolutionConfigurationPlatforms) = preSolution
		Debug|Any CPU = Debug|Any CPU
		Release|Any CPU = Release|Any CPU
	EndGlobalSection
	GlobalSection(ProjectConfigurationPlatforms) = postSolution
		{97EC3D8E-625C-4855-9712-A9A875CF73DA}.Debug|Any CPU.ActiveCfg = Debug|Any CPU
		{97EC3D8E-625C-4855-9712-A9A875CF73DA}.Debug|Any CPU.Build.0 = Debug|Any CPU
		{97EC3D8E-625C-4855-9712-A9A875CF73DA}.Release|Any CPU.ActiveCfg = Release|Any CPU
		{97EC3D8E-625C-4855-9712-A9A875CF73DA}.Release|Any CPU.Build.0 = Release|Any CPU
		{F54F94CF-3569-497E-8B67-B2ED1FA488C4}.Debug|Any CPU.ActiveCfg = Debug|Any CPU
		{F54F94CF-3569-497E-8B67-B2ED1FA488C4}.Debug|Any CPU.Build.0 = Debug|Any CPU
		{F54F94CF-3569-497E-8B67-B2ED1FA488C4}.Release|Any CPU.ActiveCfg = Release|Any CPU
		{F54F94CF-3569-497E-8B67-B2ED1FA488C4}.Release|Any CPU.Build.0 = Release|Any CPU
	EndGlobalSection
	GlobalSection(SolutionProperties) = preSolution
		HideSolutionNode = FALSE
	EndGlobalSection
EndGlobal
